
Microsoft Visual Studio Solution File, Format Version 12.00
# Visual Studio Version 17
VisualStudioVersion = 17.14.36705.20 d17.14
MinimumVisualStudioVersion = 10.0.40219.1
Project("{FAE04EC0-301F-11D3-BF4B-00C04F79EFBC}") = "MyAgentFramework", "MyAgentFramework.csproj", "{9E1B874C-D311-4179-965B-CE264A35D44A}"
EndProject
Global
	GlobalSection(SolutionConfigurationPlatforms) = preSolution
		Debug|Any CPU = Debug|Any CPU
		Release|Any CPU = Release|Any CPU
	EndGlobalSection
	GlobalSection(ProjectConfigurationPlatforms) = postSolution
		{9E1B874C-D311-4179-965B-CE264A35D44A}.Debug|Any CPU.ActiveCfg = Debug|Any CPU
		{9E1B874C-D311-4179-965B-CE264A35D44A}.Debug|Any CPU.Build.0 = Debug|Any CPU
		{9E1B874C-D311-4179-965B-CE264A35D44A}.Release|Any CPU.ActiveCfg = Release|Any CPU
		{9E1B874C-D311-4179-965B-CE264A35D44A}.Release|Any CPU.Build.0 = Release|Any CPU
	EndGlobalSection
	GlobalSection(SolutionProperties) = preSolution
		HideSolutionNode = FALSE
	EndGlobalSection
	GlobalSection(ExtensibilityGlobals) = postSolution
		SolutionGuid = {F2A8DB1E-9366-477D-B2CA-AF1C05A27BBD}
	EndGlobalSection
EndGlobal
